
Microsoft Visual Studio Solution File, Format Version 12.00
# Visual Studio Version 16
VisualStudioVersion = 16.0.30621.155
MinimumVisualStudioVersion = 10.0.40219.1
Project("{FAE04EC0-301F-11D3-BF4B-00C04F79EFBC}") = "AreaOfTriangle", "AreaOfTriangle.csproj", "{70E6187C-E594-4702-85F0-12385FE173EA}"
EndProject
Global
	GlobalSection(SolutionConfigurationPlatforms) = preSolution
		Debug|Any CPU = Debug|Any CPU
		Release|Any CPU = Release|Any CPU
	EndGlobalSection
	GlobalSection(ProjectConfigurationPlatforms) = postSolution
		{70E6187C-E594-4702-85F0-12385FE173EA}.Debug|Any CPU.ActiveCfg = Debug|Any CPU
		{70E6187C-E594-4702-85F0-12385FE173EA}.Debug|Any CPU.Build.0 = Debug|Any CPU
		{70E6187C-E594-4702-85F0-12385FE173EA}.Release|Any CPU.ActiveCfg = Release|Any CPU
		{70E6187C-E594-4702-85F0-12385FE173EA}.Release|Any CPU.Build.0 = Release|Any CPU
	EndGlobalSection
	GlobalSection(SolutionProperties) = preSolution
		HideSolutionNode = FALSE
	EndGlobalSection
	GlobalSection(ExtensibilityGlobals) = postSolution
		SolutionGuid = {18C09A7F-8C11-451F-A42C-6967F6F33728}
	EndGlobalSection
EndGlobal
